// !$*UTF8*$!
{
	archiveVersion = 1;
	classes = {
	};
	objectVersion = 50;
	objects = {

/* Begin PBXBuildFile section */
		17FF17E422552DC90076D9AA /* AppDelegate.swift in Sources */ = {isa = PBXBuildFile; fileRef = 17FF17E322552DC90076D9AA /* AppDelegate.swift */; };
		17FF17E622552DC90076D9AA /* ViewController.swift in Sources */ = {isa = PBXBuildFile; fileRef = 17FF17E522552DC90076D9AA /* ViewController.swift */; };
		17FF17E922552DC90076D9AA /* Main.storyboard in Resources */ = {isa = PBXBuildFile; fileRef = 17FF17E722552DC90076D9AA /* Main.storyboard */; };
		17FF17EB22552DCA0076D9AA /* Assets.xcassets in Resources */ = {isa = PBXBuildFile; fileRef = 17FF17EA22552DCA0076D9AA /* Assets.xcassets */; };
		17FF17EE22552DCA0076D9AA /* LaunchScreen.storyboard in Resources */ = {isa = PBXBuildFile; fileRef = 17FF17EC22552DCA0076D9AA /* LaunchScreen.storyboard */; };
		17FF17F922552DCA0076D9AA /* some_nameTests.swift in Sources */ = {isa = PBXBuildFile; fileRef = 17FF17F822552DCA0076D9AA /* some_nameTests.swift */; };
		17FF180422552DCA0076D9AA /* some_nameUITests.swift in Sources */ = {isa = PBXBuildFile; fileRef = 17FF180322552DCA0076D9AA /* some_nameUITests.swift */; };
/* End PBXBuildFile section */

/* Begin PBXContainerItemProxy section */
		17FF17F522552DCA0076D9AA /* PBXContainerItemProxy */ = {
			isa = PBXContainerItemProxy;
			containerPortal = 17FF17D822552DC90076D9AA /* Project object */;
			proxyType = 1;
			remoteGlobalIDString = 17FF17DF22552DC90076D9AA;
			remoteInfo = "some name";
		};
		17FF180022552DCA0076D9AA /* PBXContainerItemProxy */ = {
			isa = PBXContainerItemProxy;
			containerPortal = 17FF17D822552DC90076D9AA /* Project object */;
			proxyType = 1;
			remoteGlobalIDString = 17FF17DF22552DC90076D9AA;
			remoteInfo = "some name";
		};
/* End PBXContainerItemProxy section */

/* Begin PBXFileReference section */
		17FF17E022552DC90076D9AA /* some name.app */ = {isa = PBXFileReference; explicitFileType = wrapper.application; includeInIndex = 0; path = "some name.app"; sourceTree = BUILT_PRODUCTS_DIR; };
		17FF17E322552DC90076D9AA /* AppDelegate.swift */ = {isa = PBXFileReference; lastKnownFileType = sourcecode.swift; path = AppDelegate.swift; sourceTree = "<group>"; };
		17FF17E522552DC90076D9AA /* ViewController.swift */ = {isa = PBXFileReference; lastKnownFileType = sourcecode.swift; path = ViewController.swift; sourceTree = "<group>"; };
		17FF17E822552DC90076D9AA /* Base */ = {isa = PBXFileReference; lastKnownFileType = file.storyboard; name = Base; path = Base.lproj/Main.storyboard; sourceTree = "<group>"; };
		17FF17EA22552DCA0076D9AA /* Assets.xcassets */ = {isa = PBXFileReference; lastKnownFileType = folder.assetcatalog; path = Assets.xcassets; sourceTree = "<group>"; };
		17FF17ED22552DCA0076D9AA /* Base */ = {isa = PBXFileReference; lastKnownFileType = file.storyboard; name = Base; path = Base.lproj/LaunchScreen.storyboard; sourceTree = "<group>"; };
		17FF17EF22552DCA0076D9AA /* Info.plist */ = {isa = PBXFileReference; lastKnownFileType = text.plist.xml; path = Info.plist; sourceTree = "<group>"; };
		17FF17F422552DCA0076D9AA /* some nameTests.xctest */ = {isa = PBXFileReference; explicitFileType = wrapper.cfbundle; includeInIndex = 0; path = "some nameTests.xctest"; sourceTree = BUILT_PRODUCTS_DIR; };
		17FF17F822552DCA0076D9AA /* some_nameTests.swift */ = {isa = PBXFileReference; lastKnownFileType = sourcecode.swift; path = some_nameTests.swift; sourceTree = "<group>"; };
		17FF17FA22552DCA0076D9AA /* Info.plist */ = {isa = PBXFileReference; lastKnownFileType = text.plist.xml; path = Info.plist; sourceTree = "<group>"; };
		17FF17FF22552DCA0076D9AA /* some nameUITests.xctest */ = {isa = PBXFileReference; explicitFileType = wrapper.cfbundle; includeInIndex = 0; path = "some nameUITests.xctest"; sourceTree = BUILT_PRODUCTS_DIR; };
		17FF180322552DCA0076D9AA /* some_nameUITests.swift */ = {isa = PBXFileReference; lastKnownFileType = sourcecode.swift; path = some_nameUITests.swift; sourceTree = "<group>"; };
		17FF180522552DCA0076D9AA /* Info.plist */ = {isa = PBXFileReference; lastKnownFileType = text.plist.xml; path = Info.plist; sourceTree = "<group>"; };
/* End PBXFileReference section */

/* Begin PBXFrameworksBuildPhase section */
		17FF17DD22552DC90076D9AA /* Frameworks */ = {
			isa = PBXFrameworksBuildPhase;
			buildActionMask = 2147483647;
			files = (
			);
			runOnlyForDeploymentPostprocessing = 0;
		};
		17FF17F122552DCA0076D9AA /* Frameworks */ = {
			isa = PBXFrameworksBuildPhase;
			buildActionMask = 2147483647;
			files = (
			);
			runOnlyForDeploymentPostprocessing = 0;
		};
		17FF17FC22552DCA0076D9AA /* Frameworks */ = {
			isa = PBXFrameworksBuildPhase;
			buildActionMask = 2147483647;
			files = (
			);
			runOnlyForDeploymentPostprocessing = 0;
		};
/* End PBXFrameworksBuildPhase section */

/* Begin PBXGroup section */
		17FF17D722552DC90076D9AA = {
			isa = PBXGroup;
			children = (
				17FF17E222552DC90076D9AA /* some name */,
				17FF17F722552DCA0076D9AA /* some nameTests */,
				17FF180222552DCA0076D9AA /* some nameUITests */,
				17FF17E122552DC90076D9AA /* Products */,
			);
			sourceTree = "<group>";
		};
		17FF17E122552DC90076D9AA /* Products */ = {
			isa = PBXGroup;
			children = (
				17FF17E022552DC90076D9AA /* some name.app */,
				17FF17F422552DCA0076D9AA /* some nameTests.xctest */,
				17FF17FF22552DCA0076D9AA /* some nameUITests.xctest */,
			);
			name = Products;
			sourceTree = "<group>";
		};
		17FF17E222552DC90076D9AA /* some name */ = {
			isa = PBXGroup;
			children = (
				17FF17E322552DC90076D9AA /* AppDelegate.swift */,
				17FF17E522552DC90076D9AA /* ViewController.swift */,
				17FF17E722552DC90076D9AA /* Main.storyboard */,
				17FF17EA22552DCA0076D9AA /* Assets.xcassets */,
				17FF17EC22552DCA0076D9AA /* LaunchScreen.storyboard */,
				17FF17EF22552DCA0076D9AA /* Info.plist */,
			);
			path = "some name";
			sourceTree = "<group>";
		};
		17FF17F722552DCA0076D9AA /* some nameTests */ = {
			isa = PBXGroup;
			children = (
				17FF17F822552DCA0076D9AA /* some_nameTests.swift */,
				17FF17FA22552DCA0076D9AA /* Info.plist */,
			);
			path = "some nameTests";
			sourceTree = "<group>";
		};
		17FF180222552DCA0076D9AA /* some nameUITests */ = {
			isa = PBXGroup;
			children = (
				17FF180322552DCA0076D9AA /* some_nameUITests.swift */,
				17FF180522552DCA0076D9AA /* Info.plist */,
			);
			path = "some nameUITests";
			sourceTree = "<group>";
		};
/* End PBXGroup section */

/* Begin PBXNativeTarget section */
		17FF17DF22552DC90076D9AA /* some name */ = {
			isa = PBXNativeTarget;
			buildConfigurationList = 17FF180822552DCA0076D9AA /* Build configuration list for PBXNativeTarget "some name" */;
			buildPhases = (
				17FF17DC22552DC90076D9AA /* Sources */,
				17FF17DD22552DC90076D9AA /* Frameworks */,
				17FF17DE22552DC90076D9AA /* Resources */,
			);
			buildRules = (
			);
			dependencies = (
			);
			name = "some name";
			productName = "some name";
			productReference = 17FF17E022552DC90076D9AA /* some name.app */;
			productType = "com.apple.product-type.application";
		};
		17FF17F322552DCA0076D9AA /* some nameTests */ = {
			isa = PBXNativeTarget;
			buildConfigurationList = 17FF180B22552DCA0076D9AA /* Build configuration list for PBXNativeTarget "some nameTests" */;
			buildPhases = (
				17FF17F022552DCA0076D9AA /* Sources */,
				17FF17F122552DCA0076D9AA /* Frameworks */,
				17FF17F222552DCA0076D9AA /* Resources */,
			);
			buildRules = (
			);
			dependencies = (
				17FF17F622552DCA0076D9AA /* PBXTargetDependency */,
			);
			name = "some nameTests";
			productName = "some nameTests";
			productReference = 17FF17F422552DCA0076D9AA /* some nameTests.xctest */;
			productType = "com.apple.product-type.bundle.unit-test";
		};
		17FF17FE22552DCA0076D9AA /* some nameUITests */ = {
			isa = PBXNativeTarget;
			buildConfigurationList = 17FF180E22552DCA0076D9AA /* Build configuration list for PBXNativeTarget "some nameUITests" */;
			buildPhases = (
				17FF17FB22552DCA0076D9AA /* Sources */,
				17FF17FC22552DCA0076D9AA /* Frameworks */,
				17FF17FD22552DCA0076D9AA /* Resources */,
			);
			buildRules = (
			);
			dependencies = (
				17FF180122552DCA0076D9AA /* PBXTargetDependency */,
			);
			name = "some nameUITests";
			productName = "some nameUITests";
			productReference = 17FF17FF22552DCA0076D9AA /* some nameUITests.xctest */;
			productType = "com.apple.product-type.bundle.ui-testing";
		};
/* End PBXNativeTarget section */

/* Begin PBXProject section */
		17FF17D822552DC90076D9AA /* Project object */ = {
			isa = PBXProject;
			attributes = {
				LastSwiftUpdateCheck = 1010;
				LastUpgradeCheck = 1010;
				ORGANIZATIONNAME = "Elijah Calip";
				TargetAttributes = {
					17FF17DF22552DC90076D9AA = {
						CreatedOnToolsVersion = 10.1;
					};
					17FF17F322552DCA0076D9AA = {
						CreatedOnToolsVersion = 10.1;
						TestTargetID = 17FF17DF22552DC90076D9AA;
					};
					17FF17FE22552DCA0076D9AA = {
						CreatedOnToolsVersion = 10.1;
						TestTargetID = 17FF17DF22552DC90076D9AA;
					};
				};
			};
			buildConfigurationList = 17FF17DB22552DC90076D9AA /* Build configuration list for PBXProject "some name" */;
			compatibilityVersion = "Xcode 9.3";
			developmentRegion = en;
			hasScannedForEncodings = 0;
			knownRegions = (
				en,
				Base,
			);
			mainGroup = 17FF17D722552DC90076D9AA;
			productRefGroup = 17FF17E122552DC90076D9AA /* Products */;
			projectDirPath = "";
			projectRoot = "";
			targets = (
				17FF17DF22552DC90076D9AA /* some name */,
				17FF17F322552DCA0076D9AA /* some nameTests */,
				17FF17FE22552DCA0076D9AA /* some nameUITests */,
			);
		};
/* End PBXProject section */

/* Begin PBXResourcesBuildPhase section */
		17FF17DE22552DC90076D9AA /* Resources */ = {
			isa = PBXResourcesBuildPhase;
			buildActionMask = 2147483647;
			files = (
				17FF17EE22552DCA0076D9AA /* LaunchScreen.storyboard in Resources */,
				17FF17EB22552DCA0076D9AA /* Assets.xcassets in Resources */,
				17FF17E922552DC90076D9AA /* Main.storyboard in Resources */,
			);
			runOnlyForDeploymentPostprocessing = 0;
		};
		17FF17F222552DCA0076D9AA /* Resources */ = {
			isa = PBXResourcesBuildPhase;
			buildActionMask = 2147483647;
			files = (
			);
			runOnlyForDeploymentPostprocessing = 0;
		};
		17FF17FD22552DCA0076D9AA /* Resources */ = {
			isa = PBXResourcesBuildPhase;
			buildActionMask = 2147483647;
			files = (
			);
			runOnlyForDeploymentPostprocessing = 0;
		};
/* End PBXResourcesBuildPhase section */

/* Begin PBXSourcesBuildPhase section */
		17FF17DC22552DC90076D9AA /* Sources */ = {
			isa = PBXSourcesBuildPhase;
			buildActionMask = 2147483647;
			files = (
				17FF17E622552DC90076D9AA /* ViewController.swift in Sources */,
				17FF17E422552DC90076D9AA /* AppDelegate.swift in Sources */,
			);
			runOnlyForDeploymentPostprocessing = 0;
		};
		17FF17F022552DCA0076D9AA /* Sources */ = {
			isa = PBXSourcesBuildPhase;
			buildActionMask = 2147483647;
			files = (
				17FF17F922552DCA0076D9AA /* some_nameTests.swift in Sources */,
			);
			runOnlyForDeploymentPostprocessing = 0;
		};
		17FF17FB22552DCA0076D9AA /* Sources */ = {
			isa = PBXSourcesBuildPhase;
			buildActionMask = 2147483647;
			files = (
				17FF180422552DCA0076D9AA /* some_nameUITests.swift in Sources */,
			);
			runOnlyForDeploymentPostprocessing = 0;
		};
/* End PBXSourcesBuildPhase section */

/* Begin PBXTargetDependency section */
		17FF17F622552DCA0076D9AA /* PBXTargetDependency */ = {
			isa = PBXTargetDependency;
			target = 17FF17DF22552DC90076D9AA /* some name */;
			targetProxy = 17FF17F522552DCA0076D9AA /* PBXContainerItemProxy */;
		};
		17FF180122552DCA0076D9AA /* PBXTargetDependency */ = {
			isa = PBXTargetDependency;
			target = 17FF17DF22552DC90076D9AA /* some name */;
			targetProxy = 17FF180022552DCA0076D9AA /* PBXContainerItemProxy */;
		};
/* End PBXTargetDependency section */

/* Begin PBXVariantGroup section */
		17FF17E722552DC90076D9AA /* Main.storyboard */ = {
			isa = PBXVariantGroup;
			children = (
				17FF17E822552DC90076D9AA /* Base */,
			);
			name = Main.storyboard;
			sourceTree = "<group>";
		};
		17FF17EC22552DCA0076D9AA /* LaunchScreen.storyboard */ = {
			isa = PBXVariantGroup;
			children = (
				17FF17ED22552DCA0076D9AA /* Base */,
			);
			name = LaunchScreen.storyboard;
			sourceTree = "<group>";
		};
/* End PBXVariantGroup section */

/* Begin XCBuildConfiguration section */
		17FF180622552DCA0076D9AA /* Debug */ = {
			isa = XCBuildConfiguration;
			buildSettings = {
				ALWAYS_SEARCH_USER_PATHS = NO;
				CLANG_ANALYZER_NONNULL = YES;
				CLANG_ANALYZER_NUMBER_OBJECT_CONVERSION = YES_AGGRESSIVE;
				CLANG_CXX_LANGUAGE_STANDARD = "gnu++14";
				CLANG_CXX_LIBRARY = "libc++";
				CLANG_ENABLE_MODULES = YES;
				CLANG_ENABLE_OBJC_ARC = YES;
				CLANG_ENABLE_OBJC_WEAK = YES;
				CLANG_WARN_BLOCK_CAPTURE_AUTORELEASING = YES;
				CLANG_WARN_BOOL_CONVERSION = YES;
				CLANG_WARN_COMMA = YES;
				CLANG_WARN_CONSTANT_CONVERSION = YES;
				CLANG_WARN_DEPRECATED_OBJC_IMPLEMENTATIONS = YES;
				CLANG_WARN_DIRECT_OBJC_ISA_USAGE = YES_ERROR;
				CLANG_WARN_DOCUMENTATION_COMMENTS = YES;
				CLANG_WARN_EMPTY_BODY = YES;
				CLANG_WARN_ENUM_CONVERSION = YES;
				CLANG_WARN_INFINITE_RECURSION = YES;
				CLANG_WARN_INT_CONVERSION = YES;
				CLANG_WARN_NON_LITERAL_NULL_CONVERSION = YES;
				CLANG_WARN_OBJC_IMPLICIT_RETAIN_SELF = YES;
				CLANG_WARN_OBJC_LITERAL_CONVERSION = YES;
				CLANG_WARN_OBJC_ROOT_CLASS = YES_ERROR;
				CLANG_WARN_RANGE_LOOP_ANALYSIS = YES;
				CLANG_WARN_STRICT_PROTOTYPES = YES;
				CLANG_WARN_SUSPICIOUS_MOVE = YES;
				CLANG_WARN_UNGUARDED_AVAILABILITY = YES_AGGRESSIVE;
				CLANG_WARN_UNREACHABLE_CODE = YES;
				CLANG_WARN__DUPLICATE_METHOD_MATCH = YES;
				CODE_SIGN_IDENTITY = "iPhone Developer";
				COPY_PHASE_STRIP = NO;
				DEBUG_INFORMATION_FORMAT = dwarf;
				ENABLE_STRICT_OBJC_MSGSEND = YES;
				ENABLE_TESTABILITY = YES;
				GCC_C_LANGUAGE_STANDARD = gnu11;
				GCC_DYNAMIC_NO_PIC = NO;
				GCC_NO_COMMON_BLOCKS = YES;
				GCC_OPTIMIZATION_LEVEL = 0;
				GCC_PREPROCESSOR_DEFINITIONS = (
					"DEBUG=1",
					"$(inherited)",
				);
				GCC_WARN_64_TO_32_BIT_CONVERSION = YES;
				GCC_WARN_ABOUT_RETURN_TYPE = YES_ERROR;
				GCC_WARN_UNDECLARED_SELECTOR = YES;
				GCC_WARN_UNINITIALIZED_AUTOS = YES_AGGRESSIVE;
				GCC_WARN_UNUSED_FUNCTION = YES;
				GCC_WARN_UNUSED_VARIABLE = YES;
				IPHONEOS_DEPLOYMENT_TARGET = 12.1;
				MTL_ENABLE_DEBUG_INFO = INCLUDE_SOURCE;
				MTL_FAST_MATH = YES;
				ONLY_ACTIVE_ARCH = YES;
				SDKROOT = iphoneos;
				SWIFT_ACTIVE_COMPILATION_CONDITIONS = DEBUG;
				SWIFT_OPTIMIZATION_LEVEL = "-Onone";
			};
			name = Debug;
		};
		17FF180722552DCA0076D9AA /* Release */ = {
			isa = XCBuildConfiguration;
			buildSettings = {
				ALWAYS_SEARCH_USER_PATHS = NO;
				CLANG_ANALYZER_NONNULL = YES;
				CLANG_ANALYZER_NUMBER_OBJECT_CONVERSION = YES_AGGRESSIVE;
				CLANG_CXX_LANGUAGE_STANDARD = "gnu++14";
				CLANG_CXX_LIBRARY = "libc++";
				CLANG_ENABLE_MODULES = YES;
				CLANG_ENABLE_OBJC_ARC = YES;
				CLANG_ENABLE_OBJC_WEAK = YES;
				CLANG_WARN_BLOCK_CAPTURE_AUTORELEASING = YES;
				CLANG_WARN_BOOL_CONVERSION = YES;
				CLANG_WARN_COMMA = YES;
				CLANG_WARN_CONSTANT_CONVERSION = YES;
				CLANG_WARN_DEPRECATED_OBJC_IMPLEMENTATIONS = YES;
				CLANG_WARN_DIRECT_OBJC_ISA_USAGE = YES_ERROR;
				CLANG_WARN_DOCUMENTATION_COMMENTS = YES;
				CLANG_WARN_EMPTY_BODY = YES;
				CLANG_WARN_ENUM_CONVERSION = YES;
				CLANG_WARN_INFINITE_RECURSION = YES;
				CLANG_WARN_INT_CONVERSION = YES;
				CLANG_WARN_NON_LITERAL_NULL_CONVERSION = YES;
				CLANG_WARN_OBJC_IMPLICIT_RETAIN_SELF = YES;
				CLANG_WARN_OBJC_LITERAL_CONVERSION = YES;
				CLANG_WARN_OBJC_ROOT_CLASS = YES_ERROR;
				CLANG_WARN_RANGE_LOOP_ANALYSIS = YES;
				CLANG_WARN_STRICT_PROTOTYPES = YES;
				CLANG_WARN_SUSPICIOUS_MOVE = YES;
				CLANG_WARN_UNGUARDED_AVAILABILITY = YES_AGGRESSIVE;
				CLANG_WARN_UNREACHABLE_CODE = YES;
				CLANG_WARN__DUPLICATE_METHOD_MATCH = YES;
				CODE_SIGN_IDENTITY = "iPhone Developer";
				COPY_PHASE_STRIP = NO;
				DEBUG_INFORMATION_FORMAT = "dwarf-with-dsym";
				ENABLE_NS_ASSERTIONS = NO;
				ENABLE_STRICT_OBJC_MSGSEND = YES;
				GCC_C_LANGUAGE_STANDARD = gnu11;
				GCC_NO_COMMON_BLOCKS = YES;
				GCC_WARN_64_TO_32_BIT_CONVERSION = YES;
				GCC_WARN_ABOUT_RETURN_TYPE = YES_ERROR;
				GCC_WARN_UNDECLARED_SELECTOR = YES;
				GCC_WARN_UNINITIALIZED_AUTOS = YES_AGGRESSIVE;
				GCC_WARN_UNUSED_FUNCTION = YES;
				GCC_WARN_UNUSED_VARIABLE = YES;
				IPHONEOS_DEPLOYMENT_TARGET = 12.1;
				MTL_ENABLE_DEBUG_INFO = NO;
				MTL_FAST_MATH = YES;
				SDKROOT = iphoneos;
				SWIFT_COMPILATION_MODE = wholemodule;
				SWIFT_OPTIMIZATION_LEVEL = "-O";
				VALIDATE_PRODUCT = YES;
			};
			name = Release;
		};
		17FF180922552DCA0076D9AA /* Debug */ = {
			isa = XCBuildConfiguration;
			buildSettings = {
				ASSETCATALOG_COMPILER_APPICON_NAME = AppIcon;
				CODE_SIGN_STYLE = Automatic;
				INFOPLIST_FILE = "some name/Info.plist";
				LD_RUNPATH_SEARCH_PATHS = (
					"$(inherited)",
					"@executable_path/Frameworks",
				);
				PRODUCT_BUNDLE_IDENTIFIER = "annyeong.some-name";
				PRODUCT_NAME = "$(TARGET_NAME)";
				SWIFT_VERSION = 4.2;
				TARGETED_DEVICE_FAMILY = "1,2";
			};
			name = Debug;
		};
		17FF180A22552DCA0076D9AA /* Release */ = {
			isa = XCBuildConfiguration;
			buildSettings = {
				ASSETCATALOG_COMPILER_APPICON_NAME = AppIcon;
				CODE_SIGN_STYLE = Automatic;
				INFOPLIST_FILE = "some name/Info.plist";
				LD_RUNPATH_SEARCH_PATHS = (
					"$(inherited)",
					"@executable_path/Frameworks",
				);
				PRODUCT_BUNDLE_IDENTIFIER = "annyeong.some-name";
				PRODUCT_NAME = "$(TARGET_NAME)";
				SWIFT_VERSION = 4.2;
				TARGETED_DEVICE_FAMILY = "1,2";
			};
			name = Release;
		};
		17FF180C22552DCA0076D9AA /* Debug */ = {
			isa = XCBuildConfiguration;
			buildSettings = {
				ALWAYS_EMBED_SWIFT_STANDARD_LIBRARIES = YES;
				BUNDLE_LOADER = "$(TEST_HOST)";
				CODE_SIGN_STYLE = Automatic;
				INFOPLIST_FILE = "some nameTests/Info.plist";
				LD_RUNPATH_SEARCH_PATHS = (
					"$(inherited)",
					"@executable_path/Frameworks",
					"@loader_path/Frameworks",
				);
				PRODUCT_BUNDLE_IDENTIFIER = "annyeong.some-nameTests";
				PRODUCT_NAME = "$(TARGET_NAME)";
				SWIFT_VERSION = 4.2;
				TARGETED_DEVICE_FAMILY = "1,2";
				TEST_HOST = "$(BUILT_PRODUCTS_DIR)/some name.app/some name";
			};
			name = Debug;
		};
		17FF180D22552DCA0076D9AA /* Release */ = {
			isa = XCBuildConfiguration;
			buildSettings = {
				ALWAYS_EMBED_SWIFT_STANDARD_LIBRARIES = YES;
				BUNDLE_LOADER = "$(TEST_HOST)";
				CODE_SIGN_STYLE = Automatic;
				INFOPLIST_FILE = "some nameTests/Info.plist";
				LD_RUNPATH_SEARCH_PATHS = (
					"$(inherited)",
					"@executable_path/Frameworks",
					"@loader_path/Frameworks",
				);
				PRODUCT_BUNDLE_IDENTIFIER = "annyeong.some-nameTests";
				PRODUCT_NAME = "$(TARGET_NAME)";
				SWIFT_VERSION = 4.2;
				TARGETED_DEVICE_FAMILY = "1,2";
				TEST_HOST = "$(BUILT_PRODUCTS_DIR)/some name.app/some name";
			};
			name = Release;
		};
		17FF180F22552DCA0076D9AA /* Debug */ = {
			isa = XCBuildConfiguration;
			buildSettings = {
				ALWAYS_EMBED_SWIFT_STANDARD_LIBRARIES = YES;
				CODE_SIGN_STYLE = Automatic;
				INFOPLIST_FILE = "some nameUITests/Info.plist";
				LD_RUNPATH_SEARCH_PATHS = (
					"$(inherited)",
					"@executable_path/Frameworks",
					"@loader_path/Frameworks",
				);
				PRODUCT_BUNDLE_IDENTIFIER = "annyeong.some-nameUITests";
				PRODUCT_NAME = "$(TARGET_NAME)";
				SWIFT_VERSION = 4.2;
				TARGETED_DEVICE_FAMILY = "1,2";
				TEST_TARGET_NAME = "some name";
			};
			name = Debug;
		};
		17FF181022552DCA0076D9AA /* Release */ = {
			isa = XCBuildConfiguration;
			buildSettings = {
				ALWAYS_EMBED_SWIFT_STANDARD_LIBRARIES = YES;
				CODE_SIGN_STYLE = Automatic;
				INFOPLIST_FILE = "some nameUITests/Info.plist";
				LD_RUNPATH_SEARCH_PATHS = (
					"$(inherited)",
					"@executable_path/Frameworks",
					"@loader_path/Frameworks",
				);
				PRODUCT_BUNDLE_IDENTIFIER = "annyeong.some-nameUITests";
				PRODUCT_NAME = "$(TARGET_NAME)";
				SWIFT_VERSION = 4.2;
				TARGETED_DEVICE_FAMILY = "1,2";
				TEST_TARGET_NAME = "some name";
			};
			name = Release;
		};
/* End XCBuildConfiguration section */

/* Begin XCConfigurationList section */
		17FF17DB22552DC90076D9AA /* Build configuration list for PBXProject "some name" */ = {
			isa = XCConfigurationList;
			buildConfigurations = (
				17FF180622552DCA0076D9AA /* Debug */,
				17FF180722552DCA0076D9AA /* Release */,
			);
			defaultConfigurationIsVisible = 0;
			defaultConfigurationName = Release;
		};
		17FF180822552DCA0076D9AA /* Build configuration list for PBXNativeTarget "some name" */ = {
			isa = XCConfigurationList;
			buildConfigurations = (
				17FF180922552DCA0076D9AA /* Debug */,
				17FF180A22552DCA0076D9AA /* Release */,
			);
			defaultConfigurationIsVisible = 0;
			defaultConfigurationName = Release;
		};
		17FF180B22552DCA0076D9AA /* Build configuration list for PBXNativeTarget "some nameTests" */ = {
			isa = XCConfigurationList;
			buildConfigurations = (
				17FF180C22552DCA0076D9AA /* Debug */,
				17FF180D22552DCA0076D9AA /* Release */,
			);
			defaultConfigurationIsVisible = 0;
			defaultConfigurationName = Release;
		};
		17FF180E22552DCA0076D9AA /* Build configuration list for PBXNativeTarget "some nameUITests" */ = {
			isa = XCConfigurationList;
			buildConfigurations = (
				17FF180F22552DCA0076D9AA /* Debug */,
				17FF181022552DCA0076D9AA /* Release */,
			);
			defaultConfigurationIsVisible = 0;
			defaultConfigurationName = Release;
		};
/* End XCConfigurationList section */
	};
	rootObject = 17FF17D822552DC90076D9AA /* Project object */;
}
